<?xml version="1.0" encoding="utf-8"?>
<Project ToolsVersion="4.0" xmlns="http://schemas.microsoft.com/developer/msbuild/2003">
  <ItemGroup>
    <Filter Include="Source Files">
      <UniqueIdentifier>{9892756d-eb4d-4eea-892a-c3b78925cf4c}</UniqueIdentifier>
    </Filter>
    <Filter Include="Header Files">
      <UniqueIdentifier>{33d24f68-dafa-4b06-9b02-3f22cc9a16dd}</UniqueIdentifier>
    </Filter>
  </ItemGroup>
  <ItemGroup>
    <ClCompile Include="src\Json.cpp">
      <Filter>Source Files</Filter>
    </ClCompile>
    <ClCompile Include="src\JSONarray.cpp">
      <Filter>Source Files</Filter>
    </ClCompile>
    <ClCompile Include="src\JSONnumber.cpp">
      <Filter>Source Files</Filter>
    </ClCompile>
    <ClCompile Include="src\JSONobject.cpp">
      <Filter>Source Files</Filter>
    </ClCompile>
    <ClCompile Include="src\JSONpair.cpp">
      <Filter>Source Files</Filter>
    </ClCompile>
    <ClCompile Include="src\JSONstring.cpp">
      <Filter>Source Files</Filter>
    </ClCompile>
  </ItemGroup>
  <ItemGroup>
    <ClInclude Include="src\Json.h">
      <Filter>Header Files</Filter>
    </ClInclude>
    <ClInclude Include="src\JSONarray.h">
      <Filter>Header Files</Filter>
    </ClInclude>
    <ClInclude Include="src\JSONnumber.h">
      <Filter>Header Files</Filter>
    </ClInclude>
    <ClInclude Include="src\JSONobject.h">
      <Filter>Header Files</Filter>
    </ClInclude>
    <ClInclude Include="src\JSONpair.h">
      <Filter>Header Files</Filter>
    </ClInclude>
    <ClInclude Include="src\JSONstring.h">
      <Filter>Header Files</Filter>
    </ClInclude>
  </ItemGroup>
</Project>